
Microsoft Visual Studio Solution File, Format Version 12.00
# Visual Studio Version 16
VisualStudioVersion = 16.0.28822.285
MinimumVisualStudioVersion = 10.0.40219.1
Project("{FAE04EC0-301F-11D3-BF4B-00C04F79EFBC}") = "dll-loader-net", "dll-loader-net\dll-loader-net.csproj", "{7F89D7A9-4E06-4516-9A02-CD0F83483E0C}"
EndProject
Project("{54435603-DBB4-11D2-8724-00A0C9A8B90C}") = "Setup", "Setup\Setup.vdproj", "{789A5BB6-D9D5-46F4-9662-61C0F29E7B40}"
EndProject
Global
	GlobalSection(SolutionConfigurationPlatforms) = preSolution
		Debug|Any CPU = Debug|Any CPU
		Release|Any CPU = Release|Any CPU
	EndGlobalSection
	GlobalSection(ProjectConfigurationPlatforms) = postSolution
		{7F89D7A9-4E06-4516-9A02-CD0F83483E0C}.Debug|Any CPU.ActiveCfg = Debug|Any CPU
		{7F89D7A9-4E06-4516-9A02-CD0F83483E0C}.Debug|Any CPU.Build.0 = Debug|Any CPU
		{7F89D7A9-4E06-4516-9A02-CD0F83483E0C}.Release|Any CPU.ActiveCfg = Release|Any CPU
		{7F89D7A9-4E06-4516-9A02-CD0F83483E0C}.Release|Any CPU.Build.0 = Release|Any CPU
		{789A5BB6-D9D5-46F4-9662-61C0F29E7B40}.Debug|Any CPU.ActiveCfg = Debug
		{789A5BB6-D9D5-46F4-9662-61C0F29E7B40}.Release|Any CPU.ActiveCfg = Release
	EndGlobalSection
	GlobalSection(SolutionProperties) = preSolution
		HideSolutionNode = FALSE
	EndGlobalSection
	GlobalSection(ExtensibilityGlobals) = postSolution
		SolutionGuid = {17C4C8C0-0067-40F7-95AC-5B441840BE6C}
	EndGlobalSection
EndGlobal
